
Microsoft Visual Studio Solution File, Format Version 12.00
# Visual Studio Version 17
VisualStudioVersion = 17.13.35828.75 d17.13
MinimumVisualStudioVersion = 10.0.40219.1
Project("{FAE04EC0-301F-11D3-BF4B-00C04F79EFBC}") = "FinalProject", "FinalProject\FinalProject.csproj", "{B2F76897-F6A5-44C0-BD18-5B12E18724CE}"
EndProject
Global
	GlobalSection(SolutionConfigurationPlatforms) = preSolution
		Debug|Any CPU = Debug|Any CPU
		Release|Any CPU = Release|Any CPU
	EndGlobalSection
	GlobalSection(ProjectConfigurationPlatforms) = postSolution
		{B2F76897-F6A5-44C0-BD18-5B12E18724CE}.Debug|Any CPU.ActiveCfg = Debug|Any CPU
		{B2F76897-F6A5-44C0-BD18-5B12E18724CE}.Debug|Any CPU.Build.0 = Debug|Any CPU
		{B2F76897-F6A5-44C0-BD18-5B12E18724CE}.Release|Any CPU.ActiveCfg = Release|Any CPU
		{B2F76897-F6A5-44C0-BD18-5B12E18724CE}.Release|Any CPU.Build.0 = Release|Any CPU
	EndGlobalSection
	GlobalSection(SolutionProperties) = preSolution
		HideSolutionNode = FALSE
	EndGlobalSection
	GlobalSection(ExtensibilityGlobals) = postSolution
		SolutionGuid = {DD864985-A9C0-4996-AC94-EC545A1332F6}
	EndGlobalSection
EndGlobal
